
Microsoft Visual Studio Solution File, Format Version 11.00
# Visual Studio 2010
Project("{FAE04EC0-301F-11D3-BF4B-00C04F79EFBC}") = "SamplePrintCS", "SamplePrintCS.csproj", "{BBAA12F6-07B9-4AF8-ABD6-8D6915CDFDE9}"
EndProject
Global
	GlobalSection(SolutionConfigurationPlatforms) = preSolution
		Debug|Any CPU = Debug|Any CPU
		Release|Any CPU = Release|Any CPU
	EndGlobalSection
	GlobalSection(ProjectConfigurationPlatforms) = postSolution
		{BBAA12F6-07B9-4AF8-ABD6-8D6915CDFDE9}.Debug|Any CPU.ActiveCfg = Debug|Any CPU
		{BBAA12F6-07B9-4AF8-ABD6-8D6915CDFDE9}.Debug|Any CPU.Build.0 = Debug|Any CPU
		{BBAA12F6-07B9-4AF8-ABD6-8D6915CDFDE9}.Release|Any CPU.ActiveCfg = Release|Any CPU
		{BBAA12F6-07B9-4AF8-ABD6-8D6915CDFDE9}.Release|Any CPU.Build.0 = Release|Any CPU
	EndGlobalSection
	GlobalSection(SolutionProperties) = preSolution
		HideSolutionNode = FALSE
	EndGlobalSection
EndGlobal
